
Microsoft Visual Studio Solution File, Format Version 12.00
Project("{2150E333-8FDC-42A3-9474-1A3956D46DE8}") = "UserManagement", "UserManagement", "{C8B5C28F-C007-4AE0-A773-3729194CFFA0}"
EndProject
Project("{FAE04EC0-301F-11D3-BF4B-00C04F79EFBC}") = "UserManagement.API", "UserManagement.API\UserManagement.API.csproj", "{F15D9F7E-2236-4919-A324-EA98D9388242}"
EndProject
Project("{2150E333-8FDC-42A3-9474-1A3956D46DE8}") = "Deployment", "Deployment", "{318A2FEF-17FE-4D28-A393-C0A5856730CA}"
	ProjectSection(SolutionItems) = preProject
		compose.yaml = compose.yaml
	EndProjectSection
EndProject
Project("{2150E333-8FDC-42A3-9474-1A3956D46DE8}") = "ProductManagement", "ProductManagement", "{E86D5E68-C18E-4BEB-BED2-28716F637537}"
EndProject
Project("{FAE04EC0-301F-11D3-BF4B-00C04F79EFBC}") = "ProductManagement.API", "ProductManagement.API\ProductManagement.API.csproj", "{CBB1FB43-99EF-41E7-AA24-EC62AEDA9C86}"
EndProject
Project("{FAE04EC0-301F-11D3-BF4B-00C04F79EFBC}") = "UserManagement.Application", "UserManagement.Application\UserManagement.Application.csproj", "{161DF08D-8D5C-46A5-B04F-73EBFED01353}"
EndProject
Project("{FAE04EC0-301F-11D3-BF4B-00C04F79EFBC}") = "UserManagement.Domain", "UserManagement.Domain\UserManagement.Domain.csproj", "{290F1929-A19A-4540-ADAB-7ACBF888D85C}"
EndProject
Project("{FAE04EC0-301F-11D3-BF4B-00C04F79EFBC}") = "UserManagement.Infrastructure", "UserManagement.Infrastructure\UserManagement.Infrastructure.csproj", "{A7BCD7EB-F77E-46A9-B6FF-13FD24B142BD}"
EndProject
Project("{FAE04EC0-301F-11D3-BF4B-00C04F79EFBC}") = "ProductManagement.Application", "ProductManagement.Application\ProductManagement.Application.csproj", "{5D67F50E-E093-4F16-A323-8E1B4DE477CF}"
EndProject
Project("{FAE04EC0-301F-11D3-BF4B-00C04F79EFBC}") = "ProductManagement.Domain", "ProductManagement.Domain\ProductManagement.Domain.csproj", "{39A3F823-4A33-49C0-A0D4-BF17135FF699}"
EndProject
Project("{FAE04EC0-301F-11D3-BF4B-00C04F79EFBC}") = "ProductManagement.Infrastructure", "ProductManagement.Infrastructure\ProductManagement.Infrastructure.csproj", "{25399293-8608-40EE-AB10-811A57BF3066}"
EndProject
Project("{FAE04EC0-301F-11D3-BF4B-00C04F79EFBC}") = "ProductManagement.Tests", "ProductManagement.Tests\ProductManagement.Tests.csproj", "{3CC81AA8-3D78-44E9-A9A1-9ECC2CE794F3}"
EndProject
Project("{FAE04EC0-301F-11D3-BF4B-00C04F79EFBC}") = "UserManagement.Tests", "UserManagement.Tests\UserManagement.Tests.csproj", "{51571C6E-A0FD-4D1B-B992-29376651D050}"
EndProject
Project("{2150E333-8FDC-42A3-9474-1A3956D46DE8}") = "Shared", "Shared", "{F0FA1E99-5DC9-4ACC-9EFD-2220D5B33BC3}"
EndProject
Project("{2150E333-8FDC-42A3-9474-1A3956D46DE8}") = "Tests", "Tests", "{87D10FA7-593D-459C-ADC9-C3088AACFB6E}"
EndProject
Project("{FAE04EC0-301F-11D3-BF4B-00C04F79EFBC}") = "UserManagement.IntegrationTests", "UserManagement.IntegrationTests\UserManagement.IntegrationTests.csproj", "{A361BC7C-429E-4286-BFF3-2C67D5F2550F}"
EndProject
Project("{FAE04EC0-301F-11D3-BF4B-00C04F79EFBC}") = "ProductManagement.IntegrationTests", "ProductManagement.IntegrationTests\ProductManagement.IntegrationTests.csproj", "{40D84ADE-C713-4FE6-9CA3-300B509FF6D2}"
EndProject
Project("{FAE04EC0-301F-11D3-BF4B-00C04F79EFBC}") = "UserManagement.Persistence", "UserManagement.Persistence\UserManagement.Persistence.csproj", "{E6965B7D-41D1-44E8-A5E1-ED2AD11C3DF5}"
EndProject
Project("{FAE04EC0-301F-11D3-BF4B-00C04F79EFBC}") = "ProductManagement.Persistence", "ProductManagement.Persistence\ProductManagement.Persistence.csproj", "{106C62D0-1790-4470-B50F-C2FD4B7A8907}"
EndProject
Project("{FAE04EC0-301F-11D3-BF4B-00C04F79EFBC}") = "Shared.EmailService", "Shared.EmailService\Shared.EmailService.csproj", "{0DCD1D9A-ED7A-4329-B3D1-C8B76F968772}"
EndProject
Project("{FAE04EC0-301F-11D3-BF4B-00C04F79EFBC}") = "Shared.Auth", "Shared.Auth\Shared.Auth.csproj", "{835EE947-7648-4FAC-AA2D-B0A2984738AD}"
EndProject
Project("{FAE04EC0-301F-11D3-BF4B-00C04F79EFBC}") = "Shared.Exceptions", "Shared.Exceptions\Shared.Exceptions.csproj", "{FA204FBB-02EB-4387-B36E-BF72885F08E0}"
EndProject
Project("{FAE04EC0-301F-11D3-BF4B-00C04F79EFBC}") = "Shared.Logging", "Shared.Logging\Shared.Logging.csproj", "{CDA251BD-8F39-4ED6-875E-4545D05029F1}"
EndProject
Project("{2150E333-8FDC-42A3-9474-1A3956D46DE8}") = "Integration", "Integration", "{F947760C-D763-4711-882D-EF3C051E253E}"
EndProject
Project("{2150E333-8FDC-42A3-9474-1A3956D46DE8}") = "Unit", "Unit", "{F1579998-41D9-4EA0-922D-D2EED3938B17}"
EndProject
Global
	GlobalSection(SolutionConfigurationPlatforms) = preSolution
		Debug|Any CPU = Debug|Any CPU
		Release|Any CPU = Release|Any CPU
	EndGlobalSection
	GlobalSection(ProjectConfigurationPlatforms) = postSolution
		{F15D9F7E-2236-4919-A324-EA98D9388242}.Debug|Any CPU.ActiveCfg = Debug|Any CPU
		{F15D9F7E-2236-4919-A324-EA98D9388242}.Debug|Any CPU.Build.0 = Debug|Any CPU
		{F15D9F7E-2236-4919-A324-EA98D9388242}.Release|Any CPU.ActiveCfg = Release|Any CPU
		{F15D9F7E-2236-4919-A324-EA98D9388242}.Release|Any CPU.Build.0 = Release|Any CPU
		{CBB1FB43-99EF-41E7-AA24-EC62AEDA9C86}.Debug|Any CPU.ActiveCfg = Debug|Any CPU
		{CBB1FB43-99EF-41E7-AA24-EC62AEDA9C86}.Debug|Any CPU.Build.0 = Debug|Any CPU
		{CBB1FB43-99EF-41E7-AA24-EC62AEDA9C86}.Release|Any CPU.ActiveCfg = Release|Any CPU
		{CBB1FB43-99EF-41E7-AA24-EC62AEDA9C86}.Release|Any CPU.Build.0 = Release|Any CPU
		{161DF08D-8D5C-46A5-B04F-73EBFED01353}.Debug|Any CPU.ActiveCfg = Debug|Any CPU
		{161DF08D-8D5C-46A5-B04F-73EBFED01353}.Debug|Any CPU.Build.0 = Debug|Any CPU
		{161DF08D-8D5C-46A5-B04F-73EBFED01353}.Release|Any CPU.ActiveCfg = Release|Any CPU
		{161DF08D-8D5C-46A5-B04F-73EBFED01353}.Release|Any CPU.Build.0 = Release|Any CPU
		{290F1929-A19A-4540-ADAB-7ACBF888D85C}.Debug|Any CPU.ActiveCfg = Debug|Any CPU
		{290F1929-A19A-4540-ADAB-7ACBF888D85C}.Debug|Any CPU.Build.0 = Debug|Any CPU
		{290F1929-A19A-4540-ADAB-7ACBF888D85C}.Release|Any CPU.ActiveCfg = Release|Any CPU
		{290F1929-A19A-4540-ADAB-7ACBF888D85C}.Release|Any CPU.Build.0 = Release|Any CPU
		{A7BCD7EB-F77E-46A9-B6FF-13FD24B142BD}.Debug|Any CPU.ActiveCfg = Debug|Any CPU
		{A7BCD7EB-F77E-46A9-B6FF-13FD24B142BD}.Debug|Any CPU.Build.0 = Debug|Any CPU
		{A7BCD7EB-F77E-46A9-B6FF-13FD24B142BD}.Release|Any CPU.ActiveCfg = Release|Any CPU
		{A7BCD7EB-F77E-46A9-B6FF-13FD24B142BD}.Release|Any CPU.Build.0 = Release|Any CPU
		{5D67F50E-E093-4F16-A323-8E1B4DE477CF}.Debug|Any CPU.ActiveCfg = Debug|Any CPU
		{5D67F50E-E093-4F16-A323-8E1B4DE477CF}.Debug|Any CPU.Build.0 = Debug|Any CPU
		{5D67F50E-E093-4F16-A323-8E1B4DE477CF}.Release|Any CPU.ActiveCfg = Release|Any CPU
		{5D67F50E-E093-4F16-A323-8E1B4DE477CF}.Release|Any CPU.Build.0 = Release|Any CPU
		{39A3F823-4A33-49C0-A0D4-BF17135FF699}.Debug|Any CPU.ActiveCfg = Debug|Any CPU
		{39A3F823-4A33-49C0-A0D4-BF17135FF699}.Debug|Any CPU.Build.0 = Debug|Any CPU
		{39A3F823-4A33-49C0-A0D4-BF17135FF699}.Release|Any CPU.ActiveCfg = Release|Any CPU
		{39A3F823-4A33-49C0-A0D4-BF17135FF699}.Release|Any CPU.Build.0 = Release|Any CPU
		{25399293-8608-40EE-AB10-811A57BF3066}.Debug|Any CPU.ActiveCfg = Debug|Any CPU
		{25399293-8608-40EE-AB10-811A57BF3066}.Debug|Any CPU.Build.0 = Debug|Any CPU
		{25399293-8608-40EE-AB10-811A57BF3066}.Release|Any CPU.ActiveCfg = Release|Any CPU
		{25399293-8608-40EE-AB10-811A57BF3066}.Release|Any CPU.Build.0 = Release|Any CPU
		{3CC81AA8-3D78-44E9-A9A1-9ECC2CE794F3}.Debug|Any CPU.ActiveCfg = Debug|Any CPU
		{3CC81AA8-3D78-44E9-A9A1-9ECC2CE794F3}.Debug|Any CPU.Build.0 = Debug|Any CPU
		{3CC81AA8-3D78-44E9-A9A1-9ECC2CE794F3}.Release|Any CPU.ActiveCfg = Release|Any CPU
		{3CC81AA8-3D78-44E9-A9A1-9ECC2CE794F3}.Release|Any CPU.Build.0 = Release|Any CPU
		{51571C6E-A0FD-4D1B-B992-29376651D050}.Debug|Any CPU.ActiveCfg = Debug|Any CPU
		{51571C6E-A0FD-4D1B-B992-29376651D050}.Debug|Any CPU.Build.0 = Debug|Any CPU
		{51571C6E-A0FD-4D1B-B992-29376651D050}.Release|Any CPU.ActiveCfg = Release|Any CPU
		{51571C6E-A0FD-4D1B-B992-29376651D050}.Release|Any CPU.Build.0 = Release|Any CPU
		{A361BC7C-429E-4286-BFF3-2C67D5F2550F}.Debug|Any CPU.ActiveCfg = Debug|Any CPU
		{A361BC7C-429E-4286-BFF3-2C67D5F2550F}.Debug|Any CPU.Build.0 = Debug|Any CPU
		{A361BC7C-429E-4286-BFF3-2C67D5F2550F}.Release|Any CPU.ActiveCfg = Release|Any CPU
		{A361BC7C-429E-4286-BFF3-2C67D5F2550F}.Release|Any CPU.Build.0 = Release|Any CPU
		{40D84ADE-C713-4FE6-9CA3-300B509FF6D2}.Debug|Any CPU.ActiveCfg = Debug|Any CPU
		{40D84ADE-C713-4FE6-9CA3-300B509FF6D2}.Debug|Any CPU.Build.0 = Debug|Any CPU
		{40D84ADE-C713-4FE6-9CA3-300B509FF6D2}.Release|Any CPU.ActiveCfg = Release|Any CPU
		{40D84ADE-C713-4FE6-9CA3-300B509FF6D2}.Release|Any CPU.Build.0 = Release|Any CPU
		{E6965B7D-41D1-44E8-A5E1-ED2AD11C3DF5}.Debug|Any CPU.ActiveCfg = Debug|Any CPU
		{E6965B7D-41D1-44E8-A5E1-ED2AD11C3DF5}.Debug|Any CPU.Build.0 = Debug|Any CPU
		{E6965B7D-41D1-44E8-A5E1-ED2AD11C3DF5}.Release|Any CPU.ActiveCfg = Release|Any CPU
		{E6965B7D-41D1-44E8-A5E1-ED2AD11C3DF5}.Release|Any CPU.Build.0 = Release|Any CPU
		{106C62D0-1790-4470-B50F-C2FD4B7A8907}.Debug|Any CPU.ActiveCfg = Debug|Any CPU
		{106C62D0-1790-4470-B50F-C2FD4B7A8907}.Debug|Any CPU.Build.0 = Debug|Any CPU
		{106C62D0-1790-4470-B50F-C2FD4B7A8907}.Release|Any CPU.ActiveCfg = Release|Any CPU
		{106C62D0-1790-4470-B50F-C2FD4B7A8907}.Release|Any CPU.Build.0 = Release|Any CPU
		{0DCD1D9A-ED7A-4329-B3D1-C8B76F968772}.Debug|Any CPU.ActiveCfg = Debug|Any CPU
		{0DCD1D9A-ED7A-4329-B3D1-C8B76F968772}.Debug|Any CPU.Build.0 = Debug|Any CPU
		{0DCD1D9A-ED7A-4329-B3D1-C8B76F968772}.Release|Any CPU.ActiveCfg = Release|Any CPU
		{0DCD1D9A-ED7A-4329-B3D1-C8B76F968772}.Release|Any CPU.Build.0 = Release|Any CPU
		{835EE947-7648-4FAC-AA2D-B0A2984738AD}.Debug|Any CPU.ActiveCfg = Debug|Any CPU
		{835EE947-7648-4FAC-AA2D-B0A2984738AD}.Debug|Any CPU.Build.0 = Debug|Any CPU
		{835EE947-7648-4FAC-AA2D-B0A2984738AD}.Release|Any CPU.ActiveCfg = Release|Any CPU
		{835EE947-7648-4FAC-AA2D-B0A2984738AD}.Release|Any CPU.Build.0 = Release|Any CPU
		{FA204FBB-02EB-4387-B36E-BF72885F08E0}.Debug|Any CPU.ActiveCfg = Debug|Any CPU
		{FA204FBB-02EB-4387-B36E-BF72885F08E0}.Debug|Any CPU.Build.0 = Debug|Any CPU
		{FA204FBB-02EB-4387-B36E-BF72885F08E0}.Release|Any CPU.ActiveCfg = Release|Any CPU
		{FA204FBB-02EB-4387-B36E-BF72885F08E0}.Release|Any CPU.Build.0 = Release|Any CPU
		{CDA251BD-8F39-4ED6-875E-4545D05029F1}.Debug|Any CPU.ActiveCfg = Debug|Any CPU
		{CDA251BD-8F39-4ED6-875E-4545D05029F1}.Debug|Any CPU.Build.0 = Debug|Any CPU
		{CDA251BD-8F39-4ED6-875E-4545D05029F1}.Release|Any CPU.ActiveCfg = Release|Any CPU
		{CDA251BD-8F39-4ED6-875E-4545D05029F1}.Release|Any CPU.Build.0 = Release|Any CPU
	EndGlobalSection
	GlobalSection(NestedProjects) = preSolution
		{F15D9F7E-2236-4919-A324-EA98D9388242} = {C8B5C28F-C007-4AE0-A773-3729194CFFA0}
		{CBB1FB43-99EF-41E7-AA24-EC62AEDA9C86} = {E86D5E68-C18E-4BEB-BED2-28716F637537}
		{161DF08D-8D5C-46A5-B04F-73EBFED01353} = {C8B5C28F-C007-4AE0-A773-3729194CFFA0}
		{290F1929-A19A-4540-ADAB-7ACBF888D85C} = {C8B5C28F-C007-4AE0-A773-3729194CFFA0}
		{A7BCD7EB-F77E-46A9-B6FF-13FD24B142BD} = {C8B5C28F-C007-4AE0-A773-3729194CFFA0}
		{5D67F50E-E093-4F16-A323-8E1B4DE477CF} = {E86D5E68-C18E-4BEB-BED2-28716F637537}
		{39A3F823-4A33-49C0-A0D4-BF17135FF699} = {E86D5E68-C18E-4BEB-BED2-28716F637537}
		{25399293-8608-40EE-AB10-811A57BF3066} = {E86D5E68-C18E-4BEB-BED2-28716F637537}
		{E6965B7D-41D1-44E8-A5E1-ED2AD11C3DF5} = {C8B5C28F-C007-4AE0-A773-3729194CFFA0}
		{106C62D0-1790-4470-B50F-C2FD4B7A8907} = {E86D5E68-C18E-4BEB-BED2-28716F637537}
		{0DCD1D9A-ED7A-4329-B3D1-C8B76F968772} = {F0FA1E99-5DC9-4ACC-9EFD-2220D5B33BC3}
		{835EE947-7648-4FAC-AA2D-B0A2984738AD} = {F0FA1E99-5DC9-4ACC-9EFD-2220D5B33BC3}
		{FA204FBB-02EB-4387-B36E-BF72885F08E0} = {F0FA1E99-5DC9-4ACC-9EFD-2220D5B33BC3}
		{CDA251BD-8F39-4ED6-875E-4545D05029F1} = {F0FA1E99-5DC9-4ACC-9EFD-2220D5B33BC3}
		{F947760C-D763-4711-882D-EF3C051E253E} = {87D10FA7-593D-459C-ADC9-C3088AACFB6E}
		{40D84ADE-C713-4FE6-9CA3-300B509FF6D2} = {F947760C-D763-4711-882D-EF3C051E253E}
		{A361BC7C-429E-4286-BFF3-2C67D5F2550F} = {F947760C-D763-4711-882D-EF3C051E253E}
		{F1579998-41D9-4EA0-922D-D2EED3938B17} = {87D10FA7-593D-459C-ADC9-C3088AACFB6E}
		{3CC81AA8-3D78-44E9-A9A1-9ECC2CE794F3} = {F1579998-41D9-4EA0-922D-D2EED3938B17}
		{51571C6E-A0FD-4D1B-B992-29376651D050} = {F1579998-41D9-4EA0-922D-D2EED3938B17}
	EndGlobalSection
EndGlobal
